{
  "lockfileVersion": 1,
  "configVersion": 1,
  "workspaces": {
    "": {
      "name": "patch-claude-code",
      "dependencies": {
        "node-lief": "^1.0.0",
      },
    },
  },
  "packages": {
    "node-addon-api": ["node-addon-api@8.7.0", "", {}, "sha512-9MdFxmkKaOYVTV+XVRG8ArDwwQ77XIgIPyKASB1k3JPq3M8fGQQQE3YpMOrKm6g//Ktx8ivZr8xo1Qmtqub+GA=="],

    "node-gyp-build": ["node-gyp-build@4.8.4", "", { "bin": { "node-gyp-build": "bin.js", "node-gyp-build-optional": "optional.js", "node-gyp-build-test": "build-test.js" } }, "sha512-LA4ZjwlnUblHVgq0oBF3Jl/6h/Nvs5fzBLwdEF4nuxnFdsfajde4WfxtJr3CaiH+F6ewcIB/q4jQ4UzPyid+CQ=="],

    "node-lief": ["node-lief@1.1.1", "", { "dependencies": { "node-addon-api": "^8.0.0", "node-gyp-build": "^4.8.4" } }, "sha512-tD/MLRu8fnVEzcXmJpiy1Ge3u14yBmYHXGAQGbmrG8MvVk+eXhp42yDMAjP8aqn6MnD91GWD6x8R1WyHNd5TwA=="],
  }
}
